<?xml version="1.0" encoding="utf-8"?>
<Project ToolsVersion="4.0" xmlns="http://schemas.microsoft.com/developer/msbuild/2003">
  <ItemGroup>
    <Filter Include="Source Files">
      <UniqueIdentifier>{3be53c8d-5971-4eaf-9337-566a59617579}</UniqueIdentifier>
      <Extensions>cpp;c;cxx;rc;def;r;odl;idl;hpj;bat</Extensions>
    </Filter>
    <Filter Include="Header Files">
      <UniqueIdentifier>{2edd8260-11ff-4ea9-bb65-5dd82be2cdee}</UniqueIdentifier>
      <Extensions>h;hpp;hxx;hm;inl</Extensions>
    </Filter>
    <Filter Include="Resource Files">
      <UniqueIdentifier>{ab32e985-2081-4823-a48a-a1aebece6638}</UniqueIdentifier>
      <Extensions>ico;cur;bmp;dlg;rc2;rct;bin;rgs;gif;jpg;jpeg;jpe</Extensions>
    </Filter>
  </ItemGroup>
  <ItemGroup>
    <ClCompile Include="DevBusUART_RS232.cpp">
      <Filter>Source Files</Filter>
    </ClCompile>
    <ClCompile Include="DevServoMotor_UCMC_UART.cpp">
      <Filter>Source Files</Filter>
    </ClCompile>
    <ClCompile Include="GRAPHDLG.cpp">
      <Filter>Source Files</Filter>
    </ClCompile>
    <ClCompile Include="mmtm.cpp">
      <Filter>Source Files</Filter>
    </ClCompile>
    <ClCompile Include="StdAfx.cpp">
      <Filter>Source Files</Filter>
    </ClCompile>
    <ClCompile Include="UCMC_EducationKit.cpp">
      <Filter>Source Files</Filter>
    </ClCompile>
    <ClCompile Include="UCMC_EducationKitDlg.cpp">
      <Filter>Source Files</Filter>
    </ClCompile>
  </ItemGroup>
  <ItemGroup>
    <ResourceCompile Include="UCMC_EducationKit.rc">
      <Filter>Source Files</Filter>
    </ResourceCompile>
  </ItemGroup>
  <ItemGroup>
    <ClInclude Include="DevBusUART_RS232.h">
      <Filter>Header Files</Filter>
    </ClInclude>
    <ClInclude Include="DevServoMotor_UCMC_UART.h">
      <Filter>Header Files</Filter>
    </ClInclude>
    <ClInclude Include="GRAPHDLG.h">
      <Filter>Header Files</Filter>
    </ClInclude>
    <ClInclude Include="mmtm.h">
      <Filter>Header Files</Filter>
    </ClInclude>
    <ClInclude Include="Resource.h">
      <Filter>Header Files</Filter>
    </ClInclude>
    <ClInclude Include="StdAfx.h">
      <Filter>Header Files</Filter>
    </ClInclude>
    <ClInclude Include="UCMC_EducationKit.h">
      <Filter>Header Files</Filter>
    </ClInclude>
    <ClInclude Include="UCMC_EducationKitDlg.h">
      <Filter>Header Files</Filter>
    </ClInclude>
  </ItemGroup>
  <ItemGroup>
    <Image Include="res\UCMC_EducationKit.ico">
      <Filter>Resource Files</Filter>
    </Image>
  </ItemGroup>
  <ItemGroup>
    <None Include="res\UCMC_EducationKit.rc2">
      <Filter>Resource Files</Filter>
    </None>
  </ItemGroup>
  <ItemGroup>
    <Text Include="mmtm_example.txt" />
    <Text Include="ReadMe.txt" />
  </ItemGroup>
</Project>